Microsoft Visual Studio Solution File, Format Version 12.00
# Visual Studio Version 17
VisualStudioVersion = 17.10.34928.147
MinimumVisualStudioVersion = 10.0.40219.1
Project("{2150E333-8FDC-42A3-9474-1A3956D46DE8}") = "src", "src", "{33269118-539E-4B80-8298-556253F984FE}"
EndProject
Project("{2150E333-8FDC-42A3-9474-1A3956D46DE8}") = "tests", "tests", "{41BB5C25-6084-4CA2-A9E8-EE35A1CA1DEA}"
EndProject
Project("{2150E333-8FDC-42A3-9474-1A3956D46DE8}") = "targets", "targets", "{7FE5E741-9F2D-497B-8FAC-FF404D765FBE}"
EndProject
Project("{9A19103F-16F7-4668-BE54-9A1E7A4F7556}") = "Xwellbehaved", "Xwellbehaved\Xwellbehaved.csproj", "{27AB17E5-1796-4DBD-8FFE-99249114C93A}"
EndProject
Project("{9A19103F-16F7-4668-BE54-9A1E7A4F7556}") = "Xwellbehaved.Core", "Xwellbehaved.Core\Xwellbehaved.Core.csproj", "{37910B4A-996D-4DB1-816E-7ABAAE43CEC2}"
EndProject
Project("{9A19103F-16F7-4668-BE54-9A1E7A4F7556}") = "Test.Xwellbehaved", "Test.Xwellbehaved\Test.Xwellbehaved.csproj", "{AB3C58C9-5EB0-419B-90F4-2835F997CC93}"
EndProject
Project("{9A19103F-16F7-4668-BE54-9A1E7A4F7556}") = "Targets", "Targets\Targets.csproj", "{AF81B0F8-7DE8-4595-9B2F-6AC8F2AB57EB}"
EndProject
Project("{2150E333-8FDC-42A3-9474-1A3956D46DE8}") = ".sln", ".sln", "{3154940B-6ED5-44F0-A2E6-B4AEA2A7D0E0}"
	ProjectSection(SolutionItems) = preProject
		Directory.Build.props = Directory.Build.props
		NuGet.License.props = NuGet.License.props
		NuGet.Readme.props = NuGet.Readme.props
		Signed.props = Signed.props
		SourceLink.props = SourceLink.props
		Static.Code.Analysis.props = Static.Code.Analysis.props
		Unit.Testing.props = Unit.Testing.props
		Validations.props = Validations.props
		Xwellbehaved.snk = Xwellbehaved.snk
	EndProjectSection
EndProject
Project("{2150E333-8FDC-42A3-9474-1A3956D46DE8}") = ".parent", ".parent", "{7B680FCF-5B6D-4B05-B3CF-E2E4C38F4A60}"
	ProjectSection(SolutionItems) = preProject
		..\.editorconfig = ..\.editorconfig
		..\.gitattributes = ..\.gitattributes
		..\.gitignore = ..\.gitignore
		..\.mailmap = ..\.mailmap
		..\build.cmd = ..\build.cmd
		..\CONTRIBUTORS = ..\CONTRIBUTORS
		..\LICENSE = ..\LICENSE
		NuGet.Assets.props = NuGet.Assets.props
		NuGet.Contributors.props = NuGet.Contributors.props
		NuGet.Corporate.props = NuGet.Corporate.props
		NuGet.Symbols.props = NuGet.Symbols.props
		..\README.md = ..\README.md
	EndProjectSection
EndProject
Project("{2150E333-8FDC-42A3-9474-1A3956D46DE8}") = ".nuget", ".nuget", "{490E6AAA-0771-4F3E-A020-A6314309125A}"
	ProjectSection(SolutionItems) = preProject
		NuGet.Config = NuGet.Config
		tools\NuGet\publish.cmd = tools\NuGet\publish.cmd
	EndProjectSection
EndProject
Project("{9A19103F-16F7-4668-BE54-9A1E7A4F7556}") = "Test.Xwellbehaved.Prototypes", "Test.Xwellbehaved.Prototypes\Test.Xwellbehaved.Prototypes.csproj", "{EE4EDA7A-73EA-482B-A9EF-590744F316EE}"
EndProject
Project("{9A19103F-16F7-4668-BE54-9A1E7A4F7556}") = "Test.Xwellbehaved.Samples", "Test.Xwellbehaved.Samples\Test.Xwellbehaved.Samples.csproj", "{AD55ADB8-C32D-4FF3-931D-0C0308528CB6}"
EndProject
Project("{2150E333-8FDC-42A3-9474-1A3956D46DE8}") = ".project", ".project", "{287C3066-46BD-48DC-8F69-7B8AC8038966}"
	ProjectSection(SolutionItems) = preProject
		shared\Project.Shared.props = shared\Project.Shared.props
	EndProjectSection
EndProject
Global
	GlobalSection(SolutionConfigurationPlatforms) = preSolution
		Debug|Any CPU = Debug|Any CPU
		Release|Any CPU = Release|Any CPU
	EndGlobalSection
	GlobalSection(ProjectConfigurationPlatforms) = postSolution
		{27AB17E5-1796-4DBD-8FFE-99249114C93A}.Debug|Any CPU.ActiveCfg = Debug|Any CPU
		{27AB17E5-1796-4DBD-8FFE-99249114C93A}.Debug|Any CPU.Build.0 = Debug|Any CPU
		{27AB17E5-1796-4DBD-8FFE-99249114C93A}.Release|Any CPU.ActiveCfg = Release|Any CPU
		{27AB17E5-1796-4DBD-8FFE-99249114C93A}.Release|Any CPU.Build.0 = Release|Any CPU
		{37910B4A-996D-4DB1-816E-7ABAAE43CEC2}.Debug|Any CPU.ActiveCfg = Debug|Any CPU
		{37910B4A-996D-4DB1-816E-7ABAAE43CEC2}.Debug|Any CPU.Build.0 = Debug|Any CPU
		{37910B4A-996D-4DB1-816E-7ABAAE43CEC2}.Release|Any CPU.ActiveCfg = Release|Any CPU
		{37910B4A-996D-4DB1-816E-7ABAAE43CEC2}.Release|Any CPU.Build.0 = Release|Any CPU
		{AB3C58C9-5EB0-419B-90F4-2835F997CC93}.Debug|Any CPU.ActiveCfg = Debug|Any CPU
		{AB3C58C9-5EB0-419B-90F4-2835F997CC93}.Debug|Any CPU.Build.0 = Debug|Any CPU
		{AB3C58C9-5EB0-419B-90F4-2835F997CC93}.Release|Any CPU.ActiveCfg = Release|Any CPU
		{AF81B0F8-7DE8-4595-9B2F-6AC8F2AB57EB}.Debug|Any CPU.ActiveCfg = Debug|Any CPU
		{AF81B0F8-7DE8-4595-9B2F-6AC8F2AB57EB}.Debug|Any CPU.Build.0 = Debug|Any CPU
		{AF81B0F8-7DE8-4595-9B2F-6AC8F2AB57EB}.Release|Any CPU.ActiveCfg = Release|Any CPU
		{AF81B0F8-7DE8-4595-9B2F-6AC8F2AB57EB}.Release|Any CPU.Build.0 = Release|Any CPU
		{EE4EDA7A-73EA-482B-A9EF-590744F316EE}.Debug|Any CPU.ActiveCfg = Debug|Any CPU
		{EE4EDA7A-73EA-482B-A9EF-590744F316EE}.Debug|Any CPU.Build.0 = Debug|Any CPU
		{EE4EDA7A-73EA-482B-A9EF-590744F316EE}.Release|Any CPU.ActiveCfg = Release|Any CPU
		{AD55ADB8-C32D-4FF3-931D-0C0308528CB6}.Debug|Any CPU.ActiveCfg = Debug|Any CPU
		{AD55ADB8-C32D-4FF3-931D-0C0308528CB6}.Debug|Any CPU.Build.0 = Debug|Any CPU
		{AD55ADB8-C32D-4FF3-931D-0C0308528CB6}.Release|Any CPU.ActiveCfg = Release|Any CPU
		{AD55ADB8-C32D-4FF3-931D-0C0308528CB6}.Release|Any CPU.Build.0 = Release|Any CPU
	EndGlobalSection
	GlobalSection(SolutionProperties) = preSolution
		HideSolutionNode = FALSE
	EndGlobalSection
	GlobalSection(NestedProjects) = preSolution
		{27AB17E5-1796-4DBD-8FFE-99249114C93A} = {33269118-539E-4B80-8298-556253F984FE}
		{37910B4A-996D-4DB1-816E-7ABAAE43CEC2} = {33269118-539E-4B80-8298-556253F984FE}
		{AB3C58C9-5EB0-419B-90F4-2835F997CC93} = {41BB5C25-6084-4CA2-A9E8-EE35A1CA1DEA}
		{AF81B0F8-7DE8-4595-9B2F-6AC8F2AB57EB} = {7FE5E741-9F2D-497B-8FAC-FF404D765FBE}
		{7B680FCF-5B6D-4B05-B3CF-E2E4C38F4A60} = {3154940B-6ED5-44F0-A2E6-B4AEA2A7D0E0}
		{EE4EDA7A-73EA-482B-A9EF-590744F316EE} = {41BB5C25-6084-4CA2-A9E8-EE35A1CA1DEA}
		{AD55ADB8-C32D-4FF3-931D-0C0308528CB6} = {41BB5C25-6084-4CA2-A9E8-EE35A1CA1DEA}
		{287C3066-46BD-48DC-8F69-7B8AC8038966} = {3154940B-6ED5-44F0-A2E6-B4AEA2A7D0E0}
	EndGlobalSection
	GlobalSection(ExtensibilityGlobals) = postSolution
		SolutionGuid = {397F0EE3-6CD7-4EF4-B6D2-ED3FEAAE5FBF}
	EndGlobalSection
EndGlobal
